// !$*UTF8*$!
{
	archiveVersion = 1;
	classes = {
	};
	objectVersion = 50;
	objects = {

/* Begin PBXBuildFile section */
		1840692F24676D7300FC111F /* memeDetailsViewController.swift in Sources */ = {isa = PBXBuildFile; fileRef = 1840692E24676D7300FC111F /* memeDetailsViewController.swift */; };
		187EC22B2460973400B88738 /* AppDelegate.swift in Sources */ = {isa = PBXBuildFile; fileRef = 187EC22A2460973400B88738 /* AppDelegate.swift */; };
		187EC22D2460973400B88738 /* SceneDelegate.swift in Sources */ = {isa = PBXBuildFile; fileRef = 187EC22C2460973400B88738 /* SceneDelegate.swift */; };
		187EC22F2460973400B88738 /* MemeEditorViewController.swift in Sources */ = {isa = PBXBuildFile; fileRef = 187EC22E2460973400B88738 /* MemeEditorViewController.swift */; };
		187EC2322460973400B88738 /* Main.storyboard in Resources */ = {isa = PBXBuildFile; fileRef = 187EC2302460973400B88738 /* Main.storyboard */; };
		187EC2342460973600B88738 /* Assets.xcassets in Resources */ = {isa = PBXBuildFile; fileRef = 187EC2332460973600B88738 /* Assets.xcassets */; };
		187EC2372460973600B88738 /* LaunchScreen.storyboard in Resources */ = {isa = PBXBuildFile; fileRef = 187EC2352460973600B88738 /* LaunchScreen.storyboard */; };
		187EC2422460973600B88738 /* MemeMeTests.swift in Sources */ = {isa = PBXBuildFile; fileRef = 187EC2412460973600B88738 /* MemeMeTests.swift */; };
		187EC24D2460973600B88738 /* MemeMeUITests.swift in Sources */ = {isa = PBXBuildFile; fileRef = 187EC24C2460973600B88738 /* MemeMeUITests.swift */; };
		187EC2602460985500B88738 /* Extentions.swift in Sources */ = {isa = PBXBuildFile; fileRef = 187EC25F2460985500B88738 /* Extentions.swift */; };
		187EC263246099AD00B88738 /* Design.swift in Sources */ = {isa = PBXBuildFile; fileRef = 187EC262246099AD00B88738 /* Design.swift */; };
		187EC2652462057300B88738 /* Meme.swift in Sources */ = {isa = PBXBuildFile; fileRef = 187EC2642462057300B88738 /* Meme.swift */; };
		18F2D15E2464FC2D00FA87EB /* MemeCollectionViewController.swift in Sources */ = {isa = PBXBuildFile; fileRef = 18F2D15D2464FC2D00FA87EB /* MemeCollectionViewController.swift */; };
		18F2D1602464FC3C00FA87EB /* MemeTableViewController.swift in Sources */ = {isa = PBXBuildFile; fileRef = 18F2D15F2464FC3C00FA87EB /* MemeTableViewController.swift */; };
/* End PBXBuildFile section */

/* Begin PBXContainerItemProxy section */
		187EC23E2460973600B88738 /* PBXContainerItemProxy */ = {
			isa = PBXContainerItemProxy;
			containerPortal = 187EC21F2460973400B88738 /* Project object */;
			proxyType = 1;
			remoteGlobalIDString = 187EC2262460973400B88738;
			remoteInfo = MemeMe;
		};
		187EC2492460973600B88738 /* PBXContainerItemProxy */ = {
			isa = PBXContainerItemProxy;
			containerPortal = 187EC21F2460973400B88738 /* Project object */;
			proxyType = 1;
			remoteGlobalIDString = 187EC2262460973400B88738;
			remoteInfo = MemeMe;
		};
/* End PBXContainerItemProxy section */

/* Begin PBXFileReference section */
		1840692E24676D7300FC111F /* memeDetailsViewController.swift */ = {isa = PBXFileReference; lastKnownFileType = sourcecode.swift; path = memeDetailsViewController.swift; sourceTree = "<group>"; };
		187EC2272460973400B88738 /* MemeMe.app */ = {isa = PBXFileReference; explicitFileType = wrapper.application; includeInIndex = 0; path = MemeMe.app; sourceTree = BUILT_PRODUCTS_DIR; };
		187EC22A2460973400B88738 /* AppDelegate.swift */ = {isa = PBXFileReference; lastKnownFileType = sourcecode.swift; path = AppDelegate.swift; sourceTree = "<group>"; };
		187EC22C2460973400B88738 /* SceneDelegate.swift */ = {isa = PBXFileReference; lastKnownFileType = sourcecode.swift; path = SceneDelegate.swift; sourceTree = "<group>"; };
		187EC22E2460973400B88738 /* MemeEditorViewController.swift */ = {isa = PBXFileReference; lastKnownFileType = sourcecode.swift; path = MemeEditorViewController.swift; sourceTree = "<group>"; };
		187EC2312460973400B88738 /* Base */ = {isa = PBXFileReference; lastKnownFileType = file.storyboard; name = Base; path = Base.lproj/Main.storyboard; sourceTree = "<group>"; };
		187EC2332460973600B88738 /* Assets.xcassets */ = {isa = PBXFileReference; lastKnownFileType = folder.assetcatalog; path = Assets.xcassets; sourceTree = "<group>"; };
		187EC2362460973600B88738 /* Base */ = {isa = PBXFileReference; lastKnownFileType = file.storyboard; name = Base; path = Base.lproj/LaunchScreen.storyboard; sourceTree = "<group>"; };
		187EC2382460973600B88738 /* Info.plist */ = {isa = PBXFileReference; lastKnownFileType = text.plist.xml; path = Info.plist; sourceTree = "<group>"; };
		187EC23D2460973600B88738 /* MemeMeTests.xctest */ = {isa = PBXFileReference; explicitFileType = wrapper.cfbundle; includeInIndex = 0; path = MemeMeTests.xctest; sourceTree = BUILT_PRODUCTS_DIR; };
		187EC2412460973600B88738 /* MemeMeTests.swift */ = {isa = PBXFileReference; lastKnownFileType = sourcecode.swift; path = MemeMeTests.swift; sourceTree = "<group>"; };
		187EC2432460973600B88738 /* Info.plist */ = {isa = PBXFileReference; lastKnownFileType = text.plist.xml; path = Info.plist; sourceTree = "<group>"; };
		187EC2482460973600B88738 /* MemeMeUITests.xctest */ = {isa = PBXFileReference; explicitFileType = wrapper.cfbundle; includeInIndex = 0; path = MemeMeUITests.xctest; sourceTree = BUILT_PRODUCTS_DIR; };
		187EC24C2460973600B88738 /* MemeMeUITests.swift */ = {isa = PBXFileReference; lastKnownFileType = sourcecode.swift; path = MemeMeUITests.swift; sourceTree = "<group>"; };
		187EC24E2460973600B88738 /* Info.plist */ = {isa = PBXFileReference; lastKnownFileType = text.plist.xml; path = Info.plist; sourceTree = "<group>"; };
		187EC25F2460985500B88738 /* Extentions.swift */ = {isa = PBXFileReference; lastKnownFileType = sourcecode.swift; path = Extentions.swift; sourceTree = "<group>"; };
		187EC262246099AD00B88738 /* Design.swift */ = {isa = PBXFileReference; lastKnownFileType = sourcecode.swift; path = Design.swift; sourceTree = "<group>"; };
		187EC2642462057300B88738 /* Meme.swift */ = {isa = PBXFileReference; lastKnownFileType = sourcecode.swift; path = Meme.swift; sourceTree = "<group>"; };
		18F2D15D2464FC2D00FA87EB /* MemeCollectionViewController.swift */ = {isa = PBXFileReference; lastKnownFileType = sourcecode.swift; path = MemeCollectionViewController.swift; sourceTree = "<group>"; };
		18F2D15F2464FC3C00FA87EB /* MemeTableViewController.swift */ = {isa = PBXFileReference; lastKnownFileType = sourcecode.swift; path = MemeTableViewController.swift; sourceTree = "<group>"; };
/* End PBXFileReference section */

/* Begin PBXFrameworksBuildPhase section */
		187EC2242460973400B88738 /* Frameworks */ = {
			isa = PBXFrameworksBuildPhase;
			buildActionMask = 2147483647;
			files = (
			);
			runOnlyForDeploymentPostprocessing = 0;
		};
		187EC23A2460973600B88738 /* Frameworks */ = {
			isa = PBXFrameworksBuildPhase;
			buildActionMask = 2147483647;
			files = (
			);
			runOnlyForDeploymentPostprocessing = 0;
		};
		187EC2452460973600B88738 /* Frameworks */ = {
			isa = PBXFrameworksBuildPhase;
			buildActionMask = 2147483647;
			files = (
			);
			runOnlyForDeploymentPostprocessing = 0;
		};
/* End PBXFrameworksBuildPhase section */

/* Begin PBXGroup section */
		187EC21E2460973400B88738 = {
			isa = PBXGroup;
			children = (
				187EC2292460973400B88738 /* MemeMe */,
				187EC2402460973600B88738 /* MemeMeTests */,
				187EC24B2460973600B88738 /* MemeMeUITests */,
				187EC2282460973400B88738 /* Products */,
			);
			sourceTree = "<group>";
		};
		187EC2282460973400B88738 /* Products */ = {
			isa = PBXGroup;
			children = (
				187EC2272460973400B88738 /* MemeMe.app */,
				187EC23D2460973600B88738 /* MemeMeTests.xctest */,
				187EC2482460973600B88738 /* MemeMeUITests.xctest */,
			);
			name = Products;
			sourceTree = "<group>";
		};
		187EC2292460973400B88738 /* MemeMe */ = {
			isa = PBXGroup;
			children = (
				187EC2612460998B00B88738 /* Design */,
				187EC25E2460982C00B88738 /* Exeintions */,
				187EC25A2460975200B88738 /* Model */,
				187EC25B2460975800B88738 /* Controller */,
				187EC25C2460975C00B88738 /* View */,
				187EC25D2460978B00B88738 /* Supporting File */,
				187EC2332460973600B88738 /* Assets.xcassets */,
				187EC2382460973600B88738 /* Info.plist */,
			);
			path = MemeMe;
			sourceTree = "<group>";
		};
		187EC2402460973600B88738 /* MemeMeTests */ = {
			isa = PBXGroup;
			children = (
				187EC2412460973600B88738 /* MemeMeTests.swift */,
				187EC2432460973600B88738 /* Info.plist */,
			);
			path = MemeMeTests;
			sourceTree = "<group>";
		};
		187EC24B2460973600B88738 /* MemeMeUITests */ = {
			isa = PBXGroup;
			children = (
				187EC24C2460973600B88738 /* MemeMeUITests.swift */,
				187EC24E2460973600B88738 /* Info.plist */,
			);
			path = MemeMeUITests;
			sourceTree = "<group>";
		};
		187EC25A2460975200B88738 /* Model */ = {
			isa = PBXGroup;
			children = (
				187EC2642462057300B88738 /* Meme.swift */,
			);
			path = Model;
			sourceTree = "<group>";
		};
		187EC25B2460975800B88738 /* Controller */ = {
			isa = PBXGroup;
			children = (
				187EC22E2460973400B88738 /* MemeEditorViewController.swift */,
				1840692E24676D7300FC111F /* memeDetailsViewController.swift */,
				18F2D15D2464FC2D00FA87EB /* MemeCollectionViewController.swift */,
				18F2D15F2464FC3C00FA87EB /* MemeTableViewController.swift */,
			);
			path = Controller;
			sourceTree = "<group>";
		};
		187EC25C2460975C00B88738 /* View */ = {
			isa = PBXGroup;
			children = (
				187EC2302460973400B88738 /* Main.storyboard */,
			);
			path = View;
			sourceTree = "<group>";
		};
		187EC25D2460978B00B88738 /* Supporting File */ = {
			isa = PBXGroup;
			children = (
				187EC22A2460973400B88738 /* AppDelegate.swift */,
				187EC22C2460973400B88738 /* SceneDelegate.swift */,
				187EC2352460973600B88738 /* LaunchScreen.storyboard */,
			);
			path = "Supporting File";
			sourceTree = "<group>";
		};
		187EC25E2460982C00B88738 /* Exeintions */ = {
			isa = PBXGroup;
			children = (
				187EC25F2460985500B88738 /* Extentions.swift */,
			);
			path = Exeintions;
			sourceTree = "<group>";
		};
		187EC2612460998B00B88738 /* Design */ = {
			isa = PBXGroup;
			children = (
				187EC262246099AD00B88738 /* Design.swift */,
			);
			path = Design;
			sourceTree = "<group>";
		};
/* End PBXGroup section */

/* Begin PBXNativeTarget section */
		187EC2262460973400B88738 /* MemeMe */ = {
			isa = PBXNativeTarget;
			buildConfigurationList = 187EC2512460973600B88738 /* Build configuration list for PBXNativeTarget "MemeMe" */;
			buildPhases = (
				187EC2232460973400B88738 /* Sources */,
				187EC2242460973400B88738 /* Frameworks */,
				187EC2252460973400B88738 /* Resources */,
			);
			buildRules = (
			);
			dependencies = (
			);
			name = MemeMe;
			productName = MemeMe;
			productReference = 187EC2272460973400B88738 /* MemeMe.app */;
			productType = "com.apple.product-type.application";
		};
		187EC23C2460973600B88738 /* MemeMeTests */ = {
			isa = PBXNativeTarget;
			buildConfigurationList = 187EC2542460973600B88738 /* Build configuration list for PBXNativeTarget "MemeMeTests" */;
			buildPhases = (
				187EC2392460973600B88738 /* Sources */,
				187EC23A2460973600B88738 /* Frameworks */,
				187EC23B2460973600B88738 /* Resources */,
			);
			buildRules = (
			);
			dependencies = (
				187EC23F2460973600B88738 /* PBXTargetDependency */,
			);
			name = MemeMeTests;
			productName = MemeMeTests;
			productReference = 187EC23D2460973600B88738 /* MemeMeTests.xctest */;
			productType = "com.apple.product-type.bundle.unit-test";
		};
		187EC2472460973600B88738 /* MemeMeUITests */ = {
			isa = PBXNativeTarget;
			buildConfigurationList = 187EC2572460973600B88738 /* Build configuration list for PBXNativeTarget "MemeMeUITests" */;
			buildPhases = (
				187EC2442460973600B88738 /* Sources */,
				187EC2452460973600B88738 /* Frameworks */,
				187EC2462460973600B88738 /* Resources */,
			);
			buildRules = (
			);
			dependencies = (
				187EC24A2460973600B88738 /* PBXTargetDependency */,
			);
			name = MemeMeUITests;
			productName = MemeMeUITests;
			productReference = 187EC2482460973600B88738 /* MemeMeUITests.xctest */;
			productType = "com.apple.product-type.bundle.ui-testing";
		};
/* End PBXNativeTarget section */

/* Begin PBXProject section */
		187EC21F2460973400B88738 /* Project object */ = {
			isa = PBXProject;
			attributes = {
				LastSwiftUpdateCheck = 1130;
				LastUpgradeCheck = 1130;
				ORGANIZATIONNAME = udacity;
				TargetAttributes = {
					187EC2262460973400B88738 = {
						CreatedOnToolsVersion = 11.3.1;
					};
					187EC23C2460973600B88738 = {
						CreatedOnToolsVersion = 11.3.1;
						TestTargetID = 187EC2262460973400B88738;
					};
					187EC2472460973600B88738 = {
						CreatedOnToolsVersion = 11.3.1;
						TestTargetID = 187EC2262460973400B88738;
					};
				};
			};
			buildConfigurationList = 187EC2222460973400B88738 /* Build configuration list for PBXProject "MemeMe" */;
			compatibilityVersion = "Xcode 9.3";
			developmentRegion = en;
			hasScannedForEncodings = 0;
			knownRegions = (
				en,
				Base,
			);
			mainGroup = 187EC21E2460973400B88738;
			productRefGroup = 187EC2282460973400B88738 /* Products */;
			projectDirPath = "";
			projectRoot = "";
			targets = (
				187EC2262460973400B88738 /* MemeMe */,
				187EC23C2460973600B88738 /* MemeMeTests */,
				187EC2472460973600B88738 /* MemeMeUITests */,
			);
		};
/* End PBXProject section */

/* Begin PBXResourcesBuildPhase section */
		187EC2252460973400B88738 /* Resources */ = {
			isa = PBXResourcesBuildPhase;
			buildActionMask = 2147483647;
			files = (
				187EC2372460973600B88738 /* LaunchScreen.storyboard in Resources */,
				187EC2342460973600B88738 /* Assets.xcassets in Resources */,
				187EC2322460973400B88738 /* Main.storyboard in Resources */,
			);
			runOnlyForDeploymentPostprocessing = 0;
		};
		187EC23B2460973600B88738 /* Resources */ = {
			isa = PBXResourcesBuildPhase;
			buildActionMask = 2147483647;
			files = (
			);
			runOnlyForDeploymentPostprocessing = 0;
		};
		187EC2462460973600B88738 /* Resources */ = {
			isa = PBXResourcesBuildPhase;
			buildActionMask = 2147483647;
			files = (
			);
			runOnlyForDeploymentPostprocessing = 0;
		};
/* End PBXResourcesBuildPhase section */

/* Begin PBXSourcesBuildPhase section */
		187EC2232460973400B88738 /* Sources */ = {
			isa = PBXSourcesBuildPhase;
			buildActionMask = 2147483647;
			files = (
				187EC2602460985500B88738 /* Extentions.swift in Sources */,
				1840692F24676D7300FC111F /* memeDetailsViewController.swift in Sources */,
				187EC22F2460973400B88738 /* MemeEditorViewController.swift in Sources */,
				187EC22B2460973400B88738 /* AppDelegate.swift in Sources */,
				18F2D1602464FC3C00FA87EB /* MemeTableViewController.swift in Sources */,
				187EC2652462057300B88738 /* Meme.swift in Sources */,
				18F2D15E2464FC2D00FA87EB /* MemeCollectionViewController.swift in Sources */,
				187EC22D2460973400B88738 /* SceneDelegate.swift in Sources */,
				187EC263246099AD00B88738 /* Design.swift in Sources */,
			);
			runOnlyForDeploymentPostprocessing = 0;
		};
		187EC2392460973600B88738 /* Sources */ = {
			isa = PBXSourcesBuildPhase;
			buildActionMask = 2147483647;
			files = (
				187EC2422460973600B88738 /* MemeMeTests.swift in Sources */,
			);
			runOnlyForDeploymentPostprocessing = 0;
		};
		187EC2442460973600B88738 /* Sources */ = {
			isa = PBXSourcesBuildPhase;
			buildActionMask = 2147483647;
			files = (
				187EC24D2460973600B88738 /* MemeMeUITests.swift in Sources */,
			);
			runOnlyForDeploymentPostprocessing = 0;
		};
/* End PBXSourcesBuildPhase section */

/* Begin PBXTargetDependency section */
		187EC23F2460973600B88738 /* PBXTargetDependency */ = {
			isa = PBXTargetDependency;
			target = 187EC2262460973400B88738 /* MemeMe */;
			targetProxy = 187EC23E2460973600B88738 /* PBXContainerItemProxy */;
		};
		187EC24A2460973600B88738 /* PBXTargetDependency */ = {
			isa = PBXTargetDependency;
			target = 187EC2262460973400B88738 /* MemeMe */;
			targetProxy = 187EC2492460973600B88738 /* PBXContainerItemProxy */;
		};
/* End PBXTargetDependency section */

/* Begin PBXVariantGroup section */
		187EC2302460973400B88738 /* Main.storyboard */ = {
			isa = PBXVariantGroup;
			children = (
				187EC2312460973400B88738 /* Base */,
			);
			name = Main.storyboard;
			sourceTree = "<group>";
		};
		187EC2352460973600B88738 /* LaunchScreen.storyboard */ = {
			isa = PBXVariantGroup;
			children = (
				187EC2362460973600B88738 /* Base */,
			);
			name = LaunchScreen.storyboard;
			sourceTree = "<group>";
		};
/* End PBXVariantGroup section */

/* Begin XCBuildConfiguration section */
		187EC24F2460973600B88738 /* Debug */ = {
			isa = XCBuildConfiguration;
			buildSettings = {
				ALWAYS_SEARCH_USER_PATHS = NO;
				CLANG_ANALYZER_NONNULL = YES;
				CLANG_ANALYZER_NUMBER_OBJECT_CONVERSION = YES_AGGRESSIVE;
				CLANG_CXX_LANGUAGE_STANDARD = "gnu++14";
				CLANG_CXX_LIBRARY = "libc++";
				CLANG_ENABLE_MODULES = YES;
				CLANG_ENABLE_OBJC_ARC = YES;
				CLANG_ENABLE_OBJC_WEAK = YES;
				CLANG_WARN_BLOCK_CAPTURE_AUTORELEASING = YES;
				CLANG_WARN_BOOL_CONVERSION = YES;
				CLANG_WARN_COMMA = YES;
				CLANG_WARN_CONSTANT_CONVERSION = YES;
				CLANG_WARN_DEPRECATED_OBJC_IMPLEMENTATIONS = YES;
				CLANG_WARN_DIRECT_OBJC_ISA_USAGE = YES_ERROR;
				CLANG_WARN_DOCUMENTATION_COMMENTS = YES;
				CLANG_WARN_EMPTY_BODY = YES;
				CLANG_WARN_ENUM_CONVERSION = YES;
				CLANG_WARN_INFINITE_RECURSION = YES;
				CLANG_WARN_INT_CONVERSION = YES;
				CLANG_WARN_NON_LITERAL_NULL_CONVERSION = YES;
				CLANG_WARN_OBJC_IMPLICIT_RETAIN_SELF = YES;
				CLANG_WARN_OBJC_LITERAL_CONVERSION = YES;
				CLANG_WARN_OBJC_ROOT_CLASS = YES_ERROR;
				CLANG_WARN_RANGE_LOOP_ANALYSIS = YES;
				CLANG_WARN_STRICT_PROTOTYPES = YES;
				CLANG_WARN_SUSPICIOUS_MOVE = YES;
				CLANG_WARN_UNGUARDED_AVAILABILITY = YES_AGGRESSIVE;
				CLANG_WARN_UNREACHABLE_CODE = YES;
				CLANG_WARN__DUPLICATE_METHOD_MATCH = YES;
				COPY_PHASE_STRIP = NO;
				DEBUG_INFORMATION_FORMAT = dwarf;
				ENABLE_STRICT_OBJC_MSGSEND = YES;
				ENABLE_TESTABILITY = YES;
				GCC_C_LANGUAGE_STANDARD = gnu11;
				GCC_DYNAMIC_NO_PIC = NO;
				GCC_NO_COMMON_BLOCKS = YES;
				GCC_OPTIMIZATION_LEVEL = 0;
				GCC_PREPROCESSOR_DEFINITIONS = (
					"DEBUG=1",
					"$(inherited)",
				);
				GCC_WARN_64_TO_32_BIT_CONVERSION = YES;
				GCC_WARN_ABOUT_RETURN_TYPE = YES_ERROR;
				GCC_WARN_UNDECLARED_SELECTOR = YES;
				GCC_WARN_UNINITIALIZED_AUTOS = YES_AGGRESSIVE;
				GCC_WARN_UNUSED_FUNCTION = YES;
				GCC_WARN_UNUSED_VARIABLE = YES;
				IPHONEOS_DEPLOYMENT_TARGET = 13.2;
				MTL_ENABLE_DEBUG_INFO = INCLUDE_SOURCE;
				MTL_FAST_MATH = YES;
				ONLY_ACTIVE_ARCH = YES;
				SDKROOT = iphoneos;
				SWIFT_ACTIVE_COMPILATION_CONDITIONS = DEBUG;
				SWIFT_OPTIMIZATION_LEVEL = "-Onone";
			};
			name = Debug;
		};
		187EC2502460973600B88738 /* Release */ = {
			isa = XCBuildConfiguration;
			buildSettings = {
				ALWAYS_SEARCH_USER_PATHS = NO;
				CLANG_ANALYZER_NONNULL = YES;
				CLANG_ANALYZER_NUMBER_OBJECT_CONVERSION = YES_AGGRESSIVE;
				CLANG_CXX_LANGUAGE_STANDARD = "gnu++14";
				CLANG_CXX_LIBRARY = "libc++";
				CLANG_ENABLE_MODULES = YES;
				CLANG_ENABLE_OBJC_ARC = YES;
				CLANG_ENABLE_OBJC_WEAK = YES;
				CLANG_WARN_BLOCK_CAPTURE_AUTORELEASING = YES;
				CLANG_WARN_BOOL_CONVERSION = YES;
				CLANG_WARN_COMMA = YES;
				CLANG_WARN_CONSTANT_CONVERSION = YES;
				CLANG_WARN_DEPRECATED_OBJC_IMPLEMENTATIONS = YES;
				CLANG_WARN_DIRECT_OBJC_ISA_USAGE = YES_ERROR;
				CLANG_WARN_DOCUMENTATION_COMMENTS = YES;
				CLANG_WARN_EMPTY_BODY = YES;
				CLANG_WARN_ENUM_CONVERSION = YES;
				CLANG_WARN_INFINITE_RECURSION = YES;
				CLANG_WARN_INT_CONVERSION = YES;
				CLANG_WARN_NON_LITERAL_NULL_CONVERSION = YES;
				CLANG_WARN_OBJC_IMPLICIT_RETAIN_SELF = YES;
				CLANG_WARN_OBJC_LITERAL_CONVERSION = YES;
				CLANG_WARN_OBJC_ROOT_CLASS = YES_ERROR;
				CLANG_WARN_RANGE_LOOP_ANALYSIS = YES;
				CLANG_WARN_STRICT_PROTOTYPES = YES;
				CLANG_WARN_SUSPICIOUS_MOVE = YES;
				CLANG_WARN_UNGUARDED_AVAILABILITY = YES_AGGRESSIVE;
				CLANG_WARN_UNREACHABLE_CODE = YES;
				CLANG_WARN__DUPLICATE_METHOD_MATCH = YES;
				COPY_PHASE_STRIP = NO;
				DEBUG_INFORMATION_FORMAT = "dwarf-with-dsym";
				ENABLE_NS_ASSERTIONS = NO;
				ENABLE_STRICT_OBJC_MSGSEND = YES;
				GCC_C_LANGUAGE_STANDARD = gnu11;
				GCC_NO_COMMON_BLOCKS = YES;
				GCC_WARN_64_TO_32_BIT_CONVERSION = YES;
				GCC_WARN_ABOUT_RETURN_TYPE = YES_ERROR;
				GCC_WARN_UNDECLARED_SELECTOR = YES;
				GCC_WARN_UNINITIALIZED_AUTOS = YES_AGGRESSIVE;
				GCC_WARN_UNUSED_FUNCTION = YES;
				GCC_WARN_UNUSED_VARIABLE = YES;
				IPHONEOS_DEPLOYMENT_TARGET = 13.2;
				MTL_ENABLE_DEBUG_INFO = NO;
				MTL_FAST_MATH = YES;
				SDKROOT = iphoneos;
				SWIFT_COMPILATION_MODE = wholemodule;
				SWIFT_OPTIMIZATION_LEVEL = "-O";
				VALIDATE_PRODUCT = YES;
			};
			name = Release;
		};
		187EC2522460973600B88738 /* Debug */ = {
			isa = XCBuildConfiguration;
			buildSettings = {
				ASSETCATALOG_COMPILER_APPICON_NAME = AppIcon;
				CODE_SIGN_STYLE = Automatic;
				DEVELOPMENT_TEAM = 62QT92WGA3;
				INFOPLIST_FILE = MemeMe/Info.plist;
				LD_RUNPATH_SEARCH_PATHS = (
					"$(inherited)",
					"@executable_path/Frameworks",
				);
				PRODUCT_BUNDLE_IDENTIFIER = udacity.com.MemeMe.MemeMe;
				PRODUCT_NAME = "$(TARGET_NAME)";
				SWIFT_VERSION = 5.0;
				TARGETED_DEVICE_FAMILY = "1,2";
			};
			name = Debug;
		};
		187EC2532460973600B88738 /* Release */ = {
			isa = XCBuildConfiguration;
			buildSettings = {
				ASSETCATALOG_COMPILER_APPICON_NAME = AppIcon;
				CODE_SIGN_STYLE = Automatic;
				DEVELOPMENT_TEAM = 62QT92WGA3;
				INFOPLIST_FILE = MemeMe/Info.plist;
				LD_RUNPATH_SEARCH_PATHS = (
					"$(inherited)",
					"@executable_path/Frameworks",
				);
				PRODUCT_BUNDLE_IDENTIFIER = udacity.com.MemeMe.MemeMe;
				PRODUCT_NAME = "$(TARGET_NAME)";
				SWIFT_VERSION = 5.0;
				TARGETED_DEVICE_FAMILY = "1,2";
			};
			name = Release;
		};
		187EC2552460973600B88738 /* Debug */ = {
			isa = XCBuildConfiguration;
			buildSettings = {
				ALWAYS_EMBED_SWIFT_STANDARD_LIBRARIES = YES;
				BUNDLE_LOADER = "$(TEST_HOST)";
				CODE_SIGN_STYLE = Automatic;
				DEVELOPMENT_TEAM = 62QT92WGA3;
				INFOPLIST_FILE = MemeMeTests/Info.plist;
				IPHONEOS_DEPLOYMENT_TARGET = 13.2;
				LD_RUNPATH_SEARCH_PATHS = (
					"$(inherited)",
					"@executable_path/Frameworks",
					"@loader_path/Frameworks",
				);
				PRODUCT_BUNDLE_IDENTIFIER = udacity.com.MemeMe.MemeMeTests;
				PRODUCT_NAME = "$(TARGET_NAME)";
				SWIFT_VERSION = 5.0;
				TARGETED_DEVICE_FAMILY = "1,2";
				TEST_HOST = "$(BUILT_PRODUCTS_DIR)/MemeMe.app/MemeMe";
			};
			name = Debug;
		};
		187EC2562460973600B88738 /* Release */ = {
			isa = XCBuildConfiguration;
			buildSettings = {
				ALWAYS_EMBED_SWIFT_STANDARD_LIBRARIES = YES;
				BUNDLE_LOADER = "$(TEST_HOST)";
				CODE_SIGN_STYLE = Automatic;
				DEVELOPMENT_TEAM = 62QT92WGA3;
				INFOPLIST_FILE = MemeMeTests/Info.plist;
				IPHONEOS_DEPLOYMENT_TARGET = 13.2;
				LD_RUNPATH_SEARCH_PATHS = (
					"$(inherited)",
					"@executable_path/Frameworks",
					"@loader_path/Frameworks",
				);
				PRODUCT_BUNDLE_IDENTIFIER = udacity.com.MemeMe.MemeMeTests;
				PRODUCT_NAME = "$(TARGET_NAME)";
				SWIFT_VERSION = 5.0;
				TARGETED_DEVICE_FAMILY = "1,2";
				TEST_HOST = "$(BUILT_PRODUCTS_DIR)/MemeMe.app/MemeMe";
			};
			name = Release;
		};
		187EC2582460973600B88738 /* Debug */ = {
			isa = XCBuildConfiguration;
			buildSettings = {
				ALWAYS_EMBED_SWIFT_STANDARD_LIBRARIES = YES;
				CODE_SIGN_STYLE = Automatic;
				DEVELOPMENT_TEAM = 62QT92WGA3;
				INFOPLIST_FILE = MemeMeUITests/Info.plist;
				LD_RUNPATH_SEARCH_PATHS = (
					"$(inherited)",
					"@executable_path/Frameworks",
					"@loader_path/Frameworks",
				);
				PRODUCT_BUNDLE_IDENTIFIER = udacity.com.MemeMe.MemeMeUITests;
				PRODUCT_NAME = "$(TARGET_NAME)";
				SWIFT_VERSION = 5.0;
				TARGETED_DEVICE_FAMILY = "1,2";
				TEST_TARGET_NAME = MemeMe;
			};
			name = Debug;
		};
		187EC2592460973600B88738 /* Release */ = {
			isa = XCBuildConfiguration;
			buildSettings = {
				ALWAYS_EMBED_SWIFT_STANDARD_LIBRARIES = YES;
				CODE_SIGN_STYLE = Automatic;
				DEVELOPMENT_TEAM = 62QT92WGA3;
				INFOPLIST_FILE = MemeMeUITests/Info.plist;
				LD_RUNPATH_SEARCH_PATHS = (
					"$(inherited)",
					"@executable_path/Frameworks",
					"@loader_path/Frameworks",
				);
				PRODUCT_BUNDLE_IDENTIFIER = udacity.com.MemeMe.MemeMeUITests;
				PRODUCT_NAME = "$(TARGET_NAME)";
				SWIFT_VERSION = 5.0;
				TARGETED_DEVICE_FAMILY = "1,2";
				TEST_TARGET_NAME = MemeMe;
			};
			name = Release;
		};
/* End XCBuildConfiguration section */

/* Begin XCConfigurationList section */
		187EC2222460973400B88738 /* Build configuration list for PBXProject "MemeMe" */ = {
			isa = XCConfigurationList;
			buildConfigurations = (
				187EC24F2460973600B88738 /* Debug */,
				187EC2502460973600B88738 /* Release */,
			);
			defaultConfigurationIsVisible = 0;
			defaultConfigurationName = Release;
		};
		187EC2512460973600B88738 /* Build configuration list for PBXNativeTarget "MemeMe" */ = {
			isa = XCConfigurationList;
			buildConfigurations = (
				187EC2522460973600B88738 /* Debug */,
				187EC2532460973600B88738 /* Release */,
			);
			defaultConfigurationIsVisible = 0;
			defaultConfigurationName = Release;
		};
		187EC2542460973600B88738 /* Build configuration list for PBXNativeTarget "MemeMeTests" */ = {
			isa = XCConfigurationList;
			buildConfigurations = (
				187EC2552460973600B88738 /* Debug */,
				187EC2562460973600B88738 /* Release */,
			);
			defaultConfigurationIsVisible = 0;
			defaultConfigurationName = Release;
		};
		187EC2572460973600B88738 /* Build configuration list for PBXNativeTarget "MemeMeUITests" */ = {
			isa = XCConfigurationList;
			buildConfigurations = (
				187EC2582460973600B88738 /* Debug */,
				187EC2592460973600B88738 /* Release */,
			);
			defaultConfigurationIsVisible = 0;
			defaultConfigurationName = Release;
		};
/* End XCConfigurationList section */
	};
	rootObject = 187EC21F2460973400B88738 /* Project object */;
}
